
Microsoft Visual Studio Solution File, Format Version 12.00
# Visual Studio Version 17
VisualStudioVersion = 17.8.34330.188
MinimumVisualStudioVersion = 10.0.40219.1
Project("{FAE04EC0-301F-11D3-BF4B-00C04F79EFBC}") = "Starward-Bot", "Starward-Bot\Starward-Bot.csproj", "{F37DB270-17DC-4EAC-9A8B-7D6F5F402AA3}"
EndProject
Global
	GlobalSection(SolutionConfigurationPlatforms) = preSolution
		Debug|Any CPU = Debug|Any CPU
		Release|Any CPU = Release|Any CPU
	EndGlobalSection
	GlobalSection(ProjectConfigurationPlatforms) = postSolution
		{F37DB270-17DC-4EAC-9A8B-7D6F5F402AA3}.Debug|Any CPU.ActiveCfg = Debug|Any CPU
		{F37DB270-17DC-4EAC-9A8B-7D6F5F402AA3}.Debug|Any CPU.Build.0 = Debug|Any CPU
		{F37DB270-17DC-4EAC-9A8B-7D6F5F402AA3}.Release|Any CPU.ActiveCfg = Release|Any CPU
		{F37DB270-17DC-4EAC-9A8B-7D6F5F402AA3}.Release|Any CPU.Build.0 = Release|Any CPU
	EndGlobalSection
	GlobalSection(SolutionProperties) = preSolution
		HideSolutionNode = FALSE
	EndGlobalSection
	GlobalSection(ExtensibilityGlobals) = postSolution
		SolutionGuid = {3D4EA04B-283A-4256-8082-0C1DD6A30BB3}
	EndGlobalSection
EndGlobal
